version = 1
revision = 3
requires-python = ">=3.14"

[[package]]
name = "gurobipy"
version = "13.0.1"
source = { registry = "https://pypi.org/simple" }
wheels = [
    { url = "https://files.pythonhosted.org/packages/18/4d/3ce4f83b5631bbda7f59321453341e8b7ecf927dffb569084178248a8c0a/gurobipy-13.0.1-cp314-cp314-macosx_10_15_universal2.whl", hash = "sha256:402cad299b4f4b37460ca8342e315b252ff2e7086a6bc99ca2d35f79c6173d5c", size = 15821573, upload-time = "2026-01-21T10:40:37.459Z" },
    { url = "https://files.pythonhosted.org/packages/1e/5d/f8bc51c76f80f133cb57be3c6fa8f664cb2308a498a0f0d0b6081c554c56/gurobipy-13.0.1-cp314-cp314-manylinux2014_x86_64.manylinux_2_17_x86_64.whl", hash = "sha256:5944820a3278b964f0c48b1ab083a2cc4999f47b99068595574177c0f8973826", size = 14743643, upload-time = "2026-01-21T10:40:53.101Z" },
    { url = "https://files.pythonhosted.org/packages/26/53/515e60ee42248d22242c4d0774ae504e775cef26fea9ffd8a174459bb2e6/gurobipy-13.0.1-cp314-cp314-manylinux_2_26_aarch64.whl", hash = "sha256:a8700e549c2667aa235034a6149af16a2138ba7c1f9ecd15b55754704ab6ceaf", size = 87125439, upload-time = "2026-01-21T10:42:07.665Z" },
    { url = "https://files.pythonhosted.org/packages/55/cc/96058a65f18ba427ed5d148065b1e3c44fdffaf4125e81f1b5d2cd1fd192/gurobipy-13.0.1-cp314-cp314-win_amd64.whl", hash = "sha256:d7374de3d602364480de330847c0c642ccf05d13edde431fda7061b092add1e4", size = 11437728, upload-time = "2026-01-21T10:43:56.314Z" },
    { url = "https://files.pythonhosted.org/packages/eb/73/dfed3c9c9727f825457f15bc2fc606204a96df81c7a6182b23b298de2ae5/gurobipy-13.0.1-cp314-cp314t-macosx_10_15_universal2.whl", hash = "sha256:e9de59083600c7a4b52e3ea48d126ece9c491326138e16e8523c9d81e8519656", size = 16136707, upload-time = "2026-01-21T10:42:21.097Z" },
    { url = "https://files.pythonhosted.org/packages/9f/6b/56939031627076c2df54685e652a5a7a41b56112c0aa67fb2bcc8f8d5190/gurobipy-13.0.1-cp314-cp314t-manylinux2014_x86_64.manylinux_2_17_x86_64.whl", hash = "sha256:f7e556a4e7dd077a53fa6a683805e409ce66bae33b9b2af2122e81432d32b02a", size = 14738383, upload-time = "2026-01-21T10:42:34.24Z" },
    { url = "https://files.pythonhosted.org/packages/d9/67/c8e65fef49bbbfd0f526d90713b49e61c7df8f4e302df4868efe5544e98d/gurobipy-13.0.1-cp314-cp314t-manylinux_2_26_aarch64.whl", hash = "sha256:81405565946d7e212890884c7569e0af4183178d67dfcadaec861b16172012eb", size = 87122127, upload-time = "2026-01-21T10:43:36.176Z" },
    { url = "https://files.pythonhosted.org/packages/9d/6b/b5a10633dc2bf62c8e15c0f114e064b68a7cc0b147f800d630d02830b09d/gurobipy-13.0.1-cp314-cp314t-win_amd64.whl", hash = "sha256:70348777693ed8b7348fe43db4444151d49ab7dec7d46b959fb98c2c1e557028", size = 11879457, upload-time = "2026-01-21T10:43:48.059Z" },
]

[[package]]
name = "mathematicalprogrammingmodelling"
version = "0.1.0"
source = { virtual = "." }
dependencies = [
    { name = "gurobipy" },
    { name = "pyomo" },
]

[package.metadata]
requires-dist = [
    { name = "gurobipy", specifier = ">=13.0.1" },
    { name = "pyomo", specifier = ">=6.9.5" },
]

[[package]]
name = "ply"
version = "3.11"
source = { registry = "https://pypi.org/simple" }
sdist = { url = "https://files.pythonhosted.org/packages/e5/69/882ee5c9d017149285cab114ebeab373308ef0f874fcdac9beb90e0ac4da/ply-3.11.tar.gz", hash = "sha256:00c7c1aaa88358b9c765b6d3000c6eec0ba42abca5351b095321aef446081da3", size = 159130, upload-time = "2018-02-15T19:01:31.097Z" }
wheels = [
    { url = "https://files.pythonhosted.org/packages/a3/58/35da89ee790598a0700ea49b2a66594140f44dec458c07e8e3d4979137fc/ply-3.11-py2.py3-none-any.whl", hash = "sha256:096f9b8350b65ebd2fd1346b12452efe5b9607f7482813ffca50c22722a807ce", size = 49567, upload-time = "2018-02-15T19:01:27.172Z" },
]

[[package]]
name = "pyomo"
version = "6.9.5"
source = { registry = "https://pypi.org/simple" }
dependencies = [
    { name = "ply" },
]
sdist = { url = "https://files.pythonhosted.org/packages/87/d8/f32e0dcacc8219694709200d4402c86a6e28d3af50380a5ccf7f7e15ffae/pyomo-6.9.5.tar.gz", hash = "sha256:0734020fcd5cc03ee200fd3f79d143fbfc14e6be116e0d16bab79f3f89609879", size = 3067399, upload-time = "2025-10-17T20:21:56.877Z" }
wheels = [
    { url = "https://files.pythonhosted.org/packages/3c/27/3eb3db8e9ed6a01dee63219389aec761d5cc29b6dc5015b32f826f2a9225/pyomo-6.9.5-cp314-cp314-macosx_10_15_x86_64.whl", hash = "sha256:058eddde05b4354307975f1ecd25cfda9f8a282ad2e3b4f168ff8fee3c3623a1", size = 4310036, upload-time = "2025-10-17T20:25:56.782Z" },
    { url = "https://files.pythonhosted.org/packages/9a/31/7f4750fc9bb0ec18a9534549e4c80ea63f1267aa828d495a48bbf0018f49/pyomo-6.9.5-cp314-cp314-macosx_11_0_arm64.whl", hash = "sha256:105a073c47a2d2d6e74e48ed6fc82c6f6d19027488d5003aabb7ed5d10271483", size = 4297011, upload-time = "2025-10-17T20:26:00.976Z" },
    { url = "https://files.pythonhosted.org/packages/f8/67/639d0006eddab30cf415b0154763ccc51f3c15b934e866eb4fb07bc2b6ed/pyomo-6.9.5-cp314-cp314-manylinux_2_24_aarch64.manylinux_2_28_aarch64.whl", hash = "sha256:f2c636c2c640b33dde3b119f6f0941a1bbde39397c392dba55351b0438d8600f", size = 4360501, upload-time = "2025-10-17T21:06:45.673Z" },
    { url = "https://files.pythonhosted.org/packages/67/ef/023b74b8f161f15a51febdd160354f1e3fd7e1475abbe5ccfb3d7588cf1f/pyomo-6.9.5-cp314-cp314-manylinux_2_24_x86_64.manylinux_2_28_x86_64.whl", hash = "sha256:e02813b4021eeed7214a1ca5d7daecbdc78d3db7059962553a57fd138d747c22", size = 4391836, upload-time = "2025-10-17T20:26:05.491Z" },
    { url = "https://files.pythonhosted.org/packages/a0/ca/edab1b532fd5e2d146d0cb96836eb5ae387b8a5bd255213e306793f6168e/pyomo-6.9.5-cp314-cp314t-macosx_10_15_x86_64.whl", hash = "sha256:83789ce89271da31e0ff5bbef692af1621ab1747798183a5603b6577b7074277", size = 4330906, upload-time = "2025-10-17T20:26:09.977Z" },
    { url = "https://files.pythonhosted.org/packages/a9/3c/2745386f57030bc60b626adba002b68db3f9538d5b52900f48026a4a17d7/pyomo-6.9.5-cp314-cp314t-macosx_11_0_arm64.whl", hash = "sha256:1f449aaceac5078daaecc21d19b96a15529f9ac8aa90f6472e8811cc07112ecc", size = 4316124, upload-time = "2025-10-17T20:26:14.339Z" },
    { url = "https://files.pythonhosted.org/packages/f1/93/2058af0890b13f7e1a26e4925ff8d681c23d9cbdc2ecc9db17c744941617/pyomo-6.9.5-cp314-cp314t-manylinux_2_24_aarch64.manylinux_2_28_aarch64.whl", hash = "sha256:f94d03f122fcf04a769c28ad48c423cd7b6d3d2c40da20bc8ea1a41bb20d0c36", size = 4356089, upload-time = "2025-10-17T21:06:50.178Z" },
    { url = "https://files.pythonhosted.org/packages/de/30/c808931fc034851a16d3f8360d045b087ac743ea97bfe96cdb4b1df47c21/pyomo-6.9.5-cp314-cp314t-manylinux_2_24_x86_64.manylinux_2_28_x86_64.whl", hash = "sha256:96ff300e96cdab75e2e6983c99e3a61eaff2a6d0f5ed83acd939e74e361de537", size = 4382150, upload-time = "2025-10-17T20:26:18.734Z" },
    { url = "https://files.pythonhosted.org/packages/68/29/394967f7df51788cbdf1b4aedfb7c5a3a62e11b85b4c9d806b86cc576be4/pyomo-6.9.5-py3-none-any.whl", hash = "sha256:60326f7d3143ee7d0f5c5c4a3cbf871b53e08cc6c2b0c9e6d25568880233472f", size = 3938900, upload-time = "2025-10-17T20:22:07.473Z" },
]
